
Microsoft Visual Studio Solution File, Format Version 12.00
# Visual Studio 15
VisualStudioVersion = 15.0.27703.2026
MinimumVisualStudioVersion = 10.0.40219.1
Project("{FAE04EC0-301F-11D3-BF4B-00C04F79EFBC}") = "FileUploader.App", "FileUploader.App\FileUploader.App.csproj", "{98B5403F-38DF-44FD-9B5F-63D7C855E821}"
EndProject
Project("{FAE04EC0-301F-11D3-BF4B-00C04F79EFBC}") = "FileUploader.Test", "FileUploader.Test\FileUploader.Test.csproj", "{FB93C122-E05D-4CB0-A16D-824149F29074}"
EndProject
Project("{2150E333-8FDC-42A3-9474-1A3956D46DE8}") = "Solution Items", "Solution Items", "{FDD0A9CE-DAF1-4DC6-B3F1-6AEC5BBADD9C}"
	ProjectSection(SolutionItems) = preProject
		README.md = README.md
	EndProjectSection
EndProject
Global
	GlobalSection(SolutionConfigurationPlatforms) = preSolution
		Debug|Any CPU = Debug|Any CPU
		Release|Any CPU = Release|Any CPU
	EndGlobalSection
	GlobalSection(ProjectConfigurationPlatforms) = postSolution
		{98B5403F-38DF-44FD-9B5F-63D7C855E821}.Debug|Any CPU.ActiveCfg = Debug|Any CPU
		{98B5403F-38DF-44FD-9B5F-63D7C855E821}.Debug|Any CPU.Build.0 = Debug|Any CPU
		{98B5403F-38DF-44FD-9B5F-63D7C855E821}.Release|Any CPU.ActiveCfg = Release|Any CPU
		{98B5403F-38DF-44FD-9B5F-63D7C855E821}.Release|Any CPU.Build.0 = Release|Any CPU
		{FB93C122-E05D-4CB0-A16D-824149F29074}.Debug|Any CPU.ActiveCfg = Debug|Any CPU
		{FB93C122-E05D-4CB0-A16D-824149F29074}.Debug|Any CPU.Build.0 = Debug|Any CPU
		{FB93C122-E05D-4CB0-A16D-824149F29074}.Release|Any CPU.ActiveCfg = Release|Any CPU
		{FB93C122-E05D-4CB0-A16D-824149F29074}.Release|Any CPU.Build.0 = Release|Any CPU
	EndGlobalSection
	GlobalSection(SolutionProperties) = preSolution
		HideSolutionNode = FALSE
	EndGlobalSection
	GlobalSection(ExtensibilityGlobals) = postSolution
		SolutionGuid = {5FD18EB5-C160-4ED6-913D-815F8198649B}
	EndGlobalSection
EndGlobal
